
Microsoft Visual Studio Solution File, Format Version 12.00
# Visual Studio Version 17
VisualStudioVersion = 17.0.31912.275
MinimumVisualStudioVersion = 10.0.40219.1
Project("{FAE04EC0-301F-11D3-BF4B-00C04F79EFBC}") = "LinkedList_Add_Remove", "LinkedList_Add_Remove\LinkedList_Add_Remove.csproj", "{7CBB8FFE-4F6E-460B-B44E-F6907FB02DEC}"
EndProject
Global
	GlobalSection(SolutionConfigurationPlatforms) = preSolution
		Debug|Any CPU = Debug|Any CPU
		Release|Any CPU = Release|Any CPU
	EndGlobalSection
	GlobalSection(ProjectConfigurationPlatforms) = postSolution
		{7CBB8FFE-4F6E-460B-B44E-F6907FB02DEC}.Debug|Any CPU.ActiveCfg = Debug|Any CPU
		{7CBB8FFE-4F6E-460B-B44E-F6907FB02DEC}.Debug|Any CPU.Build.0 = Debug|Any CPU
		{7CBB8FFE-4F6E-460B-B44E-F6907FB02DEC}.Release|Any CPU.ActiveCfg = Release|Any CPU
		{7CBB8FFE-4F6E-460B-B44E-F6907FB02DEC}.Release|Any CPU.Build.0 = Release|Any CPU
	EndGlobalSection
	GlobalSection(SolutionProperties) = preSolution
		HideSolutionNode = FALSE
	EndGlobalSection
	GlobalSection(ExtensibilityGlobals) = postSolution
		SolutionGuid = {DDF4DEC5-C682-49D3-943B-11F1C21E34F4}
	EndGlobalSection
EndGlobal
